// !$*UTF8*$!
{
	archiveVersion = 1;
	classes = {
	};
	objectVersion = 50;
	objects = {

/* Begin PBXBuildFile section */
		85FDCEB2247069CD00AE1F12 /* AppDelegate.swift in Sources */ = {isa = PBXBuildFile; fileRef = 85FDCEB1247069CD00AE1F12 /* AppDelegate.swift */; };
		85FDCEB4247069CD00AE1F12 /* SceneDelegate.swift in Sources */ = {isa = PBXBuildFile; fileRef = 85FDCEB3247069CD00AE1F12 /* SceneDelegate.swift */; };
		85FDCEB6247069CD00AE1F12 /* ContentView.swift in Sources */ = {isa = PBXBuildFile; fileRef = 85FDCEB5247069CD00AE1F12 /* ContentView.swift */; };
		85FDCEB8247069CE00AE1F12 /* Assets.xcassets in Resources */ = {isa = PBXBuildFile; fileRef = 85FDCEB7247069CE00AE1F12 /* Assets.xcassets */; };
		85FDCEBB247069CE00AE1F12 /* Preview Assets.xcassets in Resources */ = {isa = PBXBuildFile; fileRef = 85FDCEBA247069CE00AE1F12 /* Preview Assets.xcassets */; };
		85FDCEBE247069CE00AE1F12 /* LaunchScreen.storyboard in Resources */ = {isa = PBXBuildFile; fileRef = 85FDCEBC247069CE00AE1F12 /* LaunchScreen.storyboard */; };
		85FDCEC624706E3700AE1F12 /* FirstImg.swift in Sources */ = {isa = PBXBuildFile; fileRef = 85FDCEC524706E3700AE1F12 /* FirstImg.swift */; };
		85FDCEC824707BFD00AE1F12 /* Mapk.swift in Sources */ = {isa = PBXBuildFile; fileRef = 85FDCEC724707BFD00AE1F12 /* Mapk.swift */; };
/* End PBXBuildFile section */

/* Begin PBXFileReference section */
		85FDCEAE247069CD00AE1F12 /* backUI.app */ = {isa = PBXFileReference; explicitFileType = wrapper.application; includeInIndex = 0; path = backUI.app; sourceTree = BUILT_PRODUCTS_DIR; };
		85FDCEB1247069CD00AE1F12 /* AppDelegate.swift */ = {isa = PBXFileReference; lastKnownFileType = sourcecode.swift; path = AppDelegate.swift; sourceTree = "<group>"; };
		85FDCEB3247069CD00AE1F12 /* SceneDelegate.swift */ = {isa = PBXFileReference; lastKnownFileType = sourcecode.swift; path = SceneDelegate.swift; sourceTree = "<group>"; };
		85FDCEB5247069CD00AE1F12 /* ContentView.swift */ = {isa = PBXFileReference; lastKnownFileType = sourcecode.swift; path = ContentView.swift; sourceTree = "<group>"; };
		85FDCEB7247069CE00AE1F12 /* Assets.xcassets */ = {isa = PBXFileReference; lastKnownFileType = folder.assetcatalog; path = Assets.xcassets; sourceTree = "<group>"; };
		85FDCEBA247069CE00AE1F12 /* Preview Assets.xcassets */ = {isa = PBXFileReference; lastKnownFileType = folder.assetcatalog; path = "Preview Assets.xcassets"; sourceTree = "<group>"; };
		85FDCEBD247069CE00AE1F12 /* Base */ = {isa = PBXFileReference; lastKnownFileType = file.storyboard; name = Base; path = Base.lproj/LaunchScreen.storyboard; sourceTree = "<group>"; };
		85FDCEBF247069CE00AE1F12 /* Info.plist */ = {isa = PBXFileReference; lastKnownFileType = text.plist.xml; path = Info.plist; sourceTree = "<group>"; };
		85FDCEC524706E3700AE1F12 /* FirstImg.swift */ = {isa = PBXFileReference; lastKnownFileType = sourcecode.swift; path = FirstImg.swift; sourceTree = "<group>"; };
		85FDCEC724707BFD00AE1F12 /* Mapk.swift */ = {isa = PBXFileReference; lastKnownFileType = sourcecode.swift; path = Mapk.swift; sourceTree = "<group>"; };
/* End PBXFileReference section */

/* Begin PBXFrameworksBuildPhase section */
		85FDCEAB247069CD00AE1F12 /* Frameworks */ = {
			isa = PBXFrameworksBuildPhase;
			buildActionMask = 2147483647;
			files = (
			);
			runOnlyForDeploymentPostprocessing = 0;
		};
/* End PBXFrameworksBuildPhase section */

/* Begin PBXGroup section */
		85FDCEA5247069CD00AE1F12 = {
			isa = PBXGroup;
			children = (
				85FDCEB0247069CD00AE1F12 /* backUI */,
				85FDCEAF247069CD00AE1F12 /* Products */,
			);
			sourceTree = "<group>";
		};
		85FDCEAF247069CD00AE1F12 /* Products */ = {
			isa = PBXGroup;
			children = (
				85FDCEAE247069CD00AE1F12 /* backUI.app */,
			);
			name = Products;
			sourceTree = "<group>";
		};
		85FDCEB0247069CD00AE1F12 /* backUI */ = {
			isa = PBXGroup;
			children = (
				85FDCEB1247069CD00AE1F12 /* AppDelegate.swift */,
				85FDCEB3247069CD00AE1F12 /* SceneDelegate.swift */,
				85FDCEB5247069CD00AE1F12 /* ContentView.swift */,
				85FDCEC524706E3700AE1F12 /* FirstImg.swift */,
				85FDCEB7247069CE00AE1F12 /* Assets.xcassets */,
				85FDCEBC247069CE00AE1F12 /* LaunchScreen.storyboard */,
				85FDCEBF247069CE00AE1F12 /* Info.plist */,
				85FDCEB9247069CE00AE1F12 /* Preview Content */,
				85FDCEC724707BFD00AE1F12 /* Mapk.swift */,
			);
			path = backUI;
			sourceTree = "<group>";
		};
		85FDCEB9247069CE00AE1F12 /* Preview Content */ = {
			isa = PBXGroup;
			children = (
				85FDCEBA247069CE00AE1F12 /* Preview Assets.xcassets */,
			);
			path = "Preview Content";
			sourceTree = "<group>";
		};
/* End PBXGroup section */

/* Begin PBXNativeTarget section */
		85FDCEAD247069CD00AE1F12 /* backUI */ = {
			isa = PBXNativeTarget;
			buildConfigurationList = 85FDCEC2247069CE00AE1F12 /* Build configuration list for PBXNativeTarget "backUI" */;
			buildPhases = (
				85FDCEAA247069CD00AE1F12 /* Sources */,
				85FDCEAB247069CD00AE1F12 /* Frameworks */,
				85FDCEAC247069CD00AE1F12 /* Resources */,
			);
			buildRules = (
			);
			dependencies = (
			);
			name = backUI;
			productName = backUI;
			productReference = 85FDCEAE247069CD00AE1F12 /* backUI.app */;
			productType = "com.apple.product-type.application";
		};
/* End PBXNativeTarget section */

/* Begin PBXProject section */
		85FDCEA6247069CD00AE1F12 /* Project object */ = {
			isa = PBXProject;
			attributes = {
				LastSwiftUpdateCheck = 1140;
				LastUpgradeCheck = 1140;
				ORGANIZATIONNAME = m;
				TargetAttributes = {
					85FDCEAD247069CD00AE1F12 = {
						CreatedOnToolsVersion = 11.4.1;
					};
				};
			};
			buildConfigurationList = 85FDCEA9247069CD00AE1F12 /* Build configuration list for PBXProject "backUI" */;
			compatibilityVersion = "Xcode 9.3";
			developmentRegion = en;
			hasScannedForEncodings = 0;
			knownRegions = (
				en,
				Base,
			);
			mainGroup = 85FDCEA5247069CD00AE1F12;
			productRefGroup = 85FDCEAF247069CD00AE1F12 /* Products */;
			projectDirPath = "";
			projectRoot = "";
			targets = (
				85FDCEAD247069CD00AE1F12 /* backUI */,
			);
		};
/* End PBXProject section */

/* Begin PBXResourcesBuildPhase section */
		85FDCEAC247069CD00AE1F12 /* Resources */ = {
			isa = PBXResourcesBuildPhase;
			buildActionMask = 2147483647;
			files = (
				85FDCEBE247069CE00AE1F12 /* LaunchScreen.storyboard in Resources */,
				85FDCEBB247069CE00AE1F12 /* Preview Assets.xcassets in Resources */,
				85FDCEB8247069CE00AE1F12 /* Assets.xcassets in Resources */,
			);
			runOnlyForDeploymentPostprocessing = 0;
		};
/* End PBXResourcesBuildPhase section */

/* Begin PBXSourcesBuildPhase section */
		85FDCEAA247069CD00AE1F12 /* Sources */ = {
			isa = PBXSourcesBuildPhase;
			buildActionMask = 2147483647;
			files = (
				85FDCEB2247069CD00AE1F12 /* AppDelegate.swift in Sources */,
				85FDCEB4247069CD00AE1F12 /* SceneDelegate.swift in Sources */,
				85FDCEC624706E3700AE1F12 /* FirstImg.swift in Sources */,
				85FDCEB6247069CD00AE1F12 /* ContentView.swift in Sources */,
				85FDCEC824707BFD00AE1F12 /* Mapk.swift in Sources */,
			);
			runOnlyForDeploymentPostprocessing = 0;
		};
/* End PBXSourcesBuildPhase section */

/* Begin PBXVariantGroup section */
		85FDCEBC247069CE00AE1F12 /* LaunchScreen.storyboard */ = {
			isa = PBXVariantGroup;
			children = (
				85FDCEBD247069CE00AE1F12 /* Base */,
			);
			name = LaunchScreen.storyboard;
			sourceTree = "<group>";
		};
/* End PBXVariantGroup section */

/* Begin XCBuildConfiguration section */
		85FDCEC0247069CE00AE1F12 /* Debug */ = {
			isa = XCBuildConfiguration;
			buildSettings = {
				ALWAYS_SEARCH_USER_PATHS = NO;
				CLANG_ANALYZER_NONNULL = YES;
				CLANG_ANALYZER_NUMBER_OBJECT_CONVERSION = YES_AGGRESSIVE;
				CLANG_CXX_LANGUAGE_STANDARD = "gnu++14";
				CLANG_CXX_LIBRARY = "libc++";
				CLANG_ENABLE_MODULES = YES;
				CLANG_ENABLE_OBJC_ARC = YES;
				CLANG_ENABLE_OBJC_WEAK = YES;
				CLANG_WARN_BLOCK_CAPTURE_AUTORELEASING = YES;
				CLANG_WARN_BOOL_CONVERSION = YES;
				CLANG_WARN_COMMA = YES;
				CLANG_WARN_CONSTANT_CONVERSION = YES;
				CLANG_WARN_DEPRECATED_OBJC_IMPLEMENTATIONS = YES;
				CLANG_WARN_DIRECT_OBJC_ISA_USAGE = YES_ERROR;
				CLANG_WARN_DOCUMENTATION_COMMENTS = YES;
				CLANG_WARN_EMPTY_BODY = YES;
				CLANG_WARN_ENUM_CONVERSION = YES;
				CLANG_WARN_INFINITE_RECURSION = YES;
				CLANG_WARN_INT_CONVERSION = YES;
				CLANG_WARN_NON_LITERAL_NULL_CONVERSION = YES;
				CLANG_WARN_OBJC_IMPLICIT_RETAIN_SELF = YES;
				CLANG_WARN_OBJC_LITERAL_CONVERSION = YES;
				CLANG_WARN_OBJC_ROOT_CLASS = YES_ERROR;
				CLANG_WARN_RANGE_LOOP_ANALYSIS = YES;
				CLANG_WARN_STRICT_PROTOTYPES = YES;
				CLANG_WARN_SUSPICIOUS_MOVE = YES;
				CLANG_WARN_UNGUARDED_AVAILABILITY = YES_AGGRESSIVE;
				CLANG_WARN_UNREACHABLE_CODE = YES;
				CLANG_WARN__DUPLICATE_METHOD_MATCH = YES;
				COPY_PHASE_STRIP = NO;
				DEBUG_INFORMATION_FORMAT = dwarf;
				ENABLE_STRICT_OBJC_MSGSEND = YES;
				ENABLE_TESTABILITY = YES;
				GCC_C_LANGUAGE_STANDARD = gnu11;
				GCC_DYNAMIC_NO_PIC = NO;
				GCC_NO_COMMON_BLOCKS = YES;
				GCC_OPTIMIZATION_LEVEL = 0;
				GCC_PREPROCESSOR_DEFINITIONS = (
					"DEBUG=1",
					"$(inherited)",
				);
				GCC_WARN_64_TO_32_BIT_CONVERSION = YES;
				GCC_WARN_ABOUT_RETURN_TYPE = YES_ERROR;
				GCC_WARN_UNDECLARED_SELECTOR = YES;
				GCC_WARN_UNINITIALIZED_AUTOS = YES_AGGRESSIVE;
				GCC_WARN_UNUSED_FUNCTION = YES;
				GCC_WARN_UNUSED_VARIABLE = YES;
				IPHONEOS_DEPLOYMENT_TARGET = 13.4;
				MTL_ENABLE_DEBUG_INFO = INCLUDE_SOURCE;
				MTL_FAST_MATH = YES;
				ONLY_ACTIVE_ARCH = YES;
				SDKROOT = iphoneos;
				SWIFT_ACTIVE_COMPILATION_CONDITIONS = DEBUG;
				SWIFT_OPTIMIZATION_LEVEL = "-Onone";
			};
			name = Debug;
		};
		85FDCEC1247069CE00AE1F12 /* Release */ = {
			isa = XCBuildConfiguration;
			buildSettings = {
				ALWAYS_SEARCH_USER_PATHS = NO;
				CLANG_ANALYZER_NONNULL = YES;
				CLANG_ANALYZER_NUMBER_OBJECT_CONVERSION = YES_AGGRESSIVE;
				CLANG_CXX_LANGUAGE_STANDARD = "gnu++14";
				CLANG_CXX_LIBRARY = "libc++";
				CLANG_ENABLE_MODULES = YES;
				CLANG_ENABLE_OBJC_ARC = YES;
				CLANG_ENABLE_OBJC_WEAK = YES;
				CLANG_WARN_BLOCK_CAPTURE_AUTORELEASING = YES;
				CLANG_WARN_BOOL_CONVERSION = YES;
				CLANG_WARN_COMMA = YES;
				CLANG_WARN_CONSTANT_CONVERSION = YES;
				CLANG_WARN_DEPRECATED_OBJC_IMPLEMENTATIONS = YES;
				CLANG_WARN_DIRECT_OBJC_ISA_USAGE = YES_ERROR;
				CLANG_WARN_DOCUMENTATION_COMMENTS = YES;
				CLANG_WARN_EMPTY_BODY = YES;
				CLANG_WARN_ENUM_CONVERSION = YES;
				CLANG_WARN_INFINITE_RECURSION = YES;
				CLANG_WARN_INT_CONVERSION = YES;
				CLANG_WARN_NON_LITERAL_NULL_CONVERSION = YES;
				CLANG_WARN_OBJC_IMPLICIT_RETAIN_SELF = YES;
				CLANG_WARN_OBJC_LITERAL_CONVERSION = YES;
				CLANG_WARN_OBJC_ROOT_CLASS = YES_ERROR;
				CLANG_WARN_RANGE_LOOP_ANALYSIS = YES;
				CLANG_WARN_STRICT_PROTOTYPES = YES;
				CLANG_WARN_SUSPICIOUS_MOVE = YES;
				CLANG_WARN_UNGUARDED_AVAILABILITY = YES_AGGRESSIVE;
				CLANG_WARN_UNREACHABLE_CODE = YES;
				CLANG_WARN__DUPLICATE_METHOD_MATCH = YES;
				COPY_PHASE_STRIP = NO;
				DEBUG_INFORMATION_FORMAT = "dwarf-with-dsym";
				ENABLE_NS_ASSERTIONS = NO;
				ENABLE_STRICT_OBJC_MSGSEND = YES;
				GCC_C_LANGUAGE_STANDARD = gnu11;
				GCC_NO_COMMON_BLOCKS = YES;
				GCC_WARN_64_TO_32_BIT_CONVERSION = YES;
				GCC_WARN_ABOUT_RETURN_TYPE = YES_ERROR;
				GCC_WARN_UNDECLARED_SELECTOR = YES;
				GCC_WARN_UNINITIALIZED_AUTOS = YES_AGGRESSIVE;
				GCC_WARN_UNUSED_FUNCTION = YES;
				GCC_WARN_UNUSED_VARIABLE = YES;
				IPHONEOS_DEPLOYMENT_TARGET = 13.4;
				MTL_ENABLE_DEBUG_INFO = NO;
				MTL_FAST_MATH = YES;
				SDKROOT = iphoneos;
				SWIFT_COMPILATION_MODE = wholemodule;
				SWIFT_OPTIMIZATION_LEVEL = "-O";
				VALIDATE_PRODUCT = YES;
			};
			name = Release;
		};
		85FDCEC3247069CE00AE1F12 /* Debug */ = {
			isa = XCBuildConfiguration;
			buildSettings = {
				ASSETCATALOG_COMPILER_APPICON_NAME = AppIcon;
				CODE_SIGN_STYLE = Automatic;
				DEVELOPMENT_ASSET_PATHS = "\"backUI/Preview Content\"";
				DEVELOPMENT_TEAM = R3L959NAAA;
				ENABLE_PREVIEWS = YES;
				INFOPLIST_FILE = backUI/Info.plist;
				LD_RUNPATH_SEARCH_PATHS = (
					"$(inherited)",
					"@executable_path/Frameworks",
				);
				PRODUCT_BUNDLE_IDENTIFIER = com.cf.backUI;
				PRODUCT_NAME = "$(TARGET_NAME)";
				SWIFT_VERSION = 5.0;
				TARGETED_DEVICE_FAMILY = "1,2";
			};
			name = Debug;
		};
		85FDCEC4247069CE00AE1F12 /* Release */ = {
			isa = XCBuildConfiguration;
			buildSettings = {
				ASSETCATALOG_COMPILER_APPICON_NAME = AppIcon;
				CODE_SIGN_STYLE = Automatic;
				DEVELOPMENT_ASSET_PATHS = "\"backUI/Preview Content\"";
				DEVELOPMENT_TEAM = R3L959NAAA;
				ENABLE_PREVIEWS = YES;
				INFOPLIST_FILE = backUI/Info.plist;
				LD_RUNPATH_SEARCH_PATHS = (
					"$(inherited)",
					"@executable_path/Frameworks",
				);
				PRODUCT_BUNDLE_IDENTIFIER = com.cf.backUI;
				PRODUCT_NAME = "$(TARGET_NAME)";
				SWIFT_VERSION = 5.0;
				TARGETED_DEVICE_FAMILY = "1,2";
			};
			name = Release;
		};
/* End XCBuildConfiguration section */

/* Begin XCConfigurationList section */
		85FDCEA9247069CD00AE1F12 /* Build configuration list for PBXProject "backUI" */ = {
			isa = XCConfigurationList;
			buildConfigurations = (
				85FDCEC0247069CE00AE1F12 /* Debug */,
				85FDCEC1247069CE00AE1F12 /* Release */,
			);
			defaultConfigurationIsVisible = 0;
			defaultConfigurationName = Release;
		};
		85FDCEC2247069CE00AE1F12 /* Build configuration list for PBXNativeTarget "backUI" */ = {
			isa = XCConfigurationList;
			buildConfigurations = (
				85FDCEC3247069CE00AE1F12 /* Debug */,
				85FDCEC4247069CE00AE1F12 /* Release */,
			);
			defaultConfigurationIsVisible = 0;
			defaultConfigurationName = Release;
		};
/* End XCConfigurationList section */
	};
	rootObject = 85FDCEA6247069CD00AE1F12 /* Project object */;
}
